// !$*UTF8*$!
{
	archiveVersion = 1;
	classes = {
	};
	objectVersion = 46;
	objects = {

/* Begin PBXBuildFile section */
		4F0A95B31D73B95B0036CA39 /* AppDelegate.swift in Sources */ = {isa = PBXBuildFile; fileRef = 4F0A95B21D73B95B0036CA39 /* AppDelegate.swift */; };
		4F0A95B61D73B95B0036CA39 /* WanderList.xcdatamodeld in Sources */ = {isa = PBXBuildFile; fileRef = 4F0A95B41D73B95B0036CA39 /* WanderList.xcdatamodeld */; };
		4F0A95B81D73B95B0036CA39 /* ReminderCategoryMasterController.swift in Sources */ = {isa = PBXBuildFile; fileRef = 4F0A95B71D73B95B0036CA39 /* ReminderCategoryMasterController.swift */; };
		4F0A95BF1D73B95B0036CA39 /* Assets.xcassets in Resources */ = {isa = PBXBuildFile; fileRef = 4F0A95BE1D73B95B0036CA39 /* Assets.xcassets */; };
		4F0A95C21D73B95B0036CA39 /* LaunchScreen.storyboard in Resources */ = {isa = PBXBuildFile; fileRef = 4F0A95C01D73B95B0036CA39 /* LaunchScreen.storyboard */; };
		4F0A95CD1D73B95B0036CA39 /* WanderListTests.swift in Sources */ = {isa = PBXBuildFile; fileRef = 4F0A95CC1D73B95B0036CA39 /* WanderListTests.swift */; };
		4F0D8D731D7FD507001B474D /* Category+CoreDataProperties.swift in Sources */ = {isa = PBXBuildFile; fileRef = 4F0D8D711D7FD507001B474D /* Category+CoreDataProperties.swift */; };
		4F0D8D741D7FD507001B474D /* Reminder+CoreDataProperties.swift in Sources */ = {isa = PBXBuildFile; fileRef = 4F0D8D721D7FD507001B474D /* Reminder+CoreDataProperties.swift */; };
		4F2DDB9E1D7C30240001395F /* ReminderCategoryDetailController.swift in Sources */ = {isa = PBXBuildFile; fileRef = 4F2DDB9D1D7C30240001395F /* ReminderCategoryDetailController.swift */; };
		4F2DDBA01D7C3EEF0001395F /* ReminderController.swift in Sources */ = {isa = PBXBuildFile; fileRef = 4F2DDB9F1D7C3EEF0001395F /* ReminderController.swift */; };
		4F2DDBA51D7D0B9E0001395F /* Main.storyboard in Resources */ = {isa = PBXBuildFile; fileRef = 4F2DDBA31D7D0B9E0001395F /* Main.storyboard */; };
		4F33D1BE1D7E348F00355270 /* ReminderCategoryMapMasterController.swift in Sources */ = {isa = PBXBuildFile; fileRef = 4F33D1BD1D7E348F00355270 /* ReminderCategoryMapMasterController.swift */; };
		4F57039D1D792C2E004AB9E7 /* Category.swift in Sources */ = {isa = PBXBuildFile; fileRef = 4F5703991D792C2E004AB9E7 /* Category.swift */; };
		4F57039F1D792C2E004AB9E7 /* Reminder.swift in Sources */ = {isa = PBXBuildFile; fileRef = 4F57039B1D792C2E004AB9E7 /* Reminder.swift */; };
		4F5703A21D795627004AB9E7 /* CategoryController.swift in Sources */ = {isa = PBXBuildFile; fileRef = 4F5703A11D795627004AB9E7 /* CategoryController.swift */; };
		4F5703A51D798BAF004AB9E7 /* DataManager.swift in Sources */ = {isa = PBXBuildFile; fileRef = 4F5703A41D798BAF004AB9E7 /* DataManager.swift */; };
		4F958B201D7FB755002D47A0 /* NotificationManager.swift in Sources */ = {isa = PBXBuildFile; fileRef = 4F958B1F1D7FB755002D47A0 /* NotificationManager.swift */; };
		4F9F562E1D7A86950022E12C /* LocationManager.swift in Sources */ = {isa = PBXBuildFile; fileRef = 4F9F562D1D7A86950022E12C /* LocationManager.swift */; };
		4F9F56301D7A88490022E12C /* Config.swift in Sources */ = {isa = PBXBuildFile; fileRef = 4F9F562F1D7A88490022E12C /* Config.swift */; };
		4F9F56321D7A95520022E12C /* LocationSearchTableController.swift in Sources */ = {isa = PBXBuildFile; fileRef = 4F9F56311D7A95520022E12C /* LocationSearchTableController.swift */; };
		4FE622441D7A5B6000EBC90F /* ColorPickController.swift in Sources */ = {isa = PBXBuildFile; fileRef = 4FE622431D7A5B6000EBC90F /* ColorPickController.swift */; };
		4FE622461D7A6A3D00EBC90F /* RadiusPickController.swift in Sources */ = {isa = PBXBuildFile; fileRef = 4FE622451D7A6A3D00EBC90F /* RadiusPickController.swift */; };
		4FE622491D7A70D300EBC90F /* MapPickController.swift in Sources */ = {isa = PBXBuildFile; fileRef = 4FE622481D7A70D300EBC90F /* MapPickController.swift */; };
		66ED1BCC75D11EB35ECD0F41 /* Pods_WanderList.framework in Frameworks */ = {isa = PBXBuildFile; fileRef = 62DCB6F37398424826260A40 /* Pods_WanderList.framework */; };
		71576D6C490C4DB600CB8344 /* Pods_WanderListTests.framework in Frameworks */ = {isa = PBXBuildFile; fileRef = 3767D7500E7DA8EF2FE34F38 /* Pods_WanderListTests.framework */; };
/* End PBXBuildFile section */

/* Begin PBXContainerItemProxy section */
		4F0A95C91D73B95B0036CA39 /* PBXContainerItemProxy */ = {
			isa = PBXContainerItemProxy;
			containerPortal = 4F0A95A71D73B95B0036CA39 /* Project object */;
			proxyType = 1;
			remoteGlobalIDString = 4F0A95AE1D73B95B0036CA39;
			remoteInfo = WanderList;
		};
/* End PBXContainerItemProxy section */

/* Begin PBXFileReference section */
		3228126A46AF5AC63DB8A000 /* Pods-WanderList.release.xcconfig */ = {isa = PBXFileReference; includeInIndex = 1; lastKnownFileType = text.xcconfig; name = "Pods-WanderList.release.xcconfig"; path = "Pods/Target Support Files/Pods-WanderList/Pods-WanderList.release.xcconfig"; sourceTree = "<group>"; };
		3767D7500E7DA8EF2FE34F38 /* Pods_WanderListTests.framework */ = {isa = PBXFileReference; explicitFileType = wrapper.framework; includeInIndex = 0; path = Pods_WanderListTests.framework; sourceTree = BUILT_PRODUCTS_DIR; };
		4F0A95AF1D73B95B0036CA39 /* WanderList.app */ = {isa = PBXFileReference; explicitFileType = wrapper.application; includeInIndex = 0; path = WanderList.app; sourceTree = BUILT_PRODUCTS_DIR; };
		4F0A95B21D73B95B0036CA39 /* AppDelegate.swift */ = {isa = PBXFileReference; lastKnownFileType = sourcecode.swift; path = AppDelegate.swift; sourceTree = "<group>"; };
		4F0A95B51D73B95B0036CA39 /* WanderList.xcdatamodel */ = {isa = PBXFileReference; lastKnownFileType = wrapper.xcdatamodel; path = WanderList.xcdatamodel; sourceTree = "<group>"; };
		4F0A95B71D73B95B0036CA39 /* ReminderCategoryMasterController.swift */ = {isa = PBXFileReference; lastKnownFileType = sourcecode.swift; path = ReminderCategoryMasterController.swift; sourceTree = "<group>"; };
		4F0A95BE1D73B95B0036CA39 /* Assets.xcassets */ = {isa = PBXFileReference; lastKnownFileType = folder.assetcatalog; path = Assets.xcassets; sourceTree = "<group>"; };
		4F0A95C11D73B95B0036CA39 /* Base */ = {isa = PBXFileReference; lastKnownFileType = file.storyboard; name = Base; path = Base.lproj/LaunchScreen.storyboard; sourceTree = "<group>"; };
		4F0A95C31D73B95B0036CA39 /* Info.plist */ = {isa = PBXFileReference; lastKnownFileType = text.plist.xml; path = Info.plist; sourceTree = "<group>"; };
		4F0A95C81D73B95B0036CA39 /* WanderListTests.xctest */ = {isa = PBXFileReference; explicitFileType = wrapper.cfbundle; includeInIndex = 0; path = WanderListTests.xctest; sourceTree = BUILT_PRODUCTS_DIR; };
		4F0A95CC1D73B95B0036CA39 /* WanderListTests.swift */ = {isa = PBXFileReference; lastKnownFileType = sourcecode.swift; path = WanderListTests.swift; sourceTree = "<group>"; };
		4F0A95CE1D73B95B0036CA39 /* Info.plist */ = {isa = PBXFileReference; lastKnownFileType = text.plist.xml; path = Info.plist; sourceTree = "<group>"; };
		4F0D8D711D7FD507001B474D /* Category+CoreDataProperties.swift */ = {isa = PBXFileReference; fileEncoding = 4; lastKnownFileType = sourcecode.swift; path = "Category+CoreDataProperties.swift"; sourceTree = "<group>"; };
		4F0D8D721D7FD507001B474D /* Reminder+CoreDataProperties.swift */ = {isa = PBXFileReference; fileEncoding = 4; lastKnownFileType = sourcecode.swift; path = "Reminder+CoreDataProperties.swift"; sourceTree = "<group>"; };
		4F2DDB9D1D7C30240001395F /* ReminderCategoryDetailController.swift */ = {isa = PBXFileReference; fileEncoding = 4; lastKnownFileType = sourcecode.swift; path = ReminderCategoryDetailController.swift; sourceTree = "<group>"; };
		4F2DDB9F1D7C3EEF0001395F /* ReminderController.swift */ = {isa = PBXFileReference; fileEncoding = 4; lastKnownFileType = sourcecode.swift; path = ReminderController.swift; sourceTree = "<group>"; };
		4F2DDBA41D7D0B9E0001395F /* Base */ = {isa = PBXFileReference; lastKnownFileType = file.storyboard; name = Base; path = Base.lproj/Main.storyboard; sourceTree = "<group>"; };
		4F33D1BD1D7E348F00355270 /* ReminderCategoryMapMasterController.swift */ = {isa = PBXFileReference; fileEncoding = 4; lastKnownFileType = sourcecode.swift; path = ReminderCategoryMapMasterController.swift; sourceTree = "<group>"; };
		4F5703991D792C2E004AB9E7 /* Category.swift */ = {isa = PBXFileReference; fileEncoding = 4; lastKnownFileType = sourcecode.swift; path = Category.swift; sourceTree = "<group>"; };
		4F57039B1D792C2E004AB9E7 /* Reminder.swift */ = {isa = PBXFileReference; fileEncoding = 4; lastKnownFileType = sourcecode.swift; path = Reminder.swift; sourceTree = "<group>"; };
		4F5703A11D795627004AB9E7 /* CategoryController.swift */ = {isa = PBXFileReference; fileEncoding = 4; lastKnownFileType = sourcecode.swift; path = CategoryController.swift; sourceTree = "<group>"; };
		4F5703A41D798BAF004AB9E7 /* DataManager.swift */ = {isa = PBXFileReference; fileEncoding = 4; lastKnownFileType = sourcecode.swift; path = DataManager.swift; sourceTree = "<group>"; };
		4F958B1F1D7FB755002D47A0 /* NotificationManager.swift */ = {isa = PBXFileReference; fileEncoding = 4; lastKnownFileType = sourcecode.swift; path = NotificationManager.swift; sourceTree = "<group>"; };
		4F9F562D1D7A86950022E12C /* LocationManager.swift */ = {isa = PBXFileReference; fileEncoding = 4; lastKnownFileType = sourcecode.swift; path = LocationManager.swift; sourceTree = "<group>"; };
		4F9F562F1D7A88490022E12C /* Config.swift */ = {isa = PBXFileReference; fileEncoding = 4; lastKnownFileType = sourcecode.swift; path = Config.swift; sourceTree = "<group>"; };
		4F9F56311D7A95520022E12C /* LocationSearchTableController.swift */ = {isa = PBXFileReference; fileEncoding = 4; lastKnownFileType = sourcecode.swift; path = LocationSearchTableController.swift; sourceTree = "<group>"; };
		4FE622431D7A5B6000EBC90F /* ColorPickController.swift */ = {isa = PBXFileReference; fileEncoding = 4; lastKnownFileType = sourcecode.swift; path = ColorPickController.swift; sourceTree = "<group>"; };
		4FE622451D7A6A3D00EBC90F /* RadiusPickController.swift */ = {isa = PBXFileReference; fileEncoding = 4; lastKnownFileType = sourcecode.swift; path = RadiusPickController.swift; sourceTree = "<group>"; };
		4FE622481D7A70D300EBC90F /* MapPickController.swift */ = {isa = PBXFileReference; fileEncoding = 4; lastKnownFileType = sourcecode.swift; path = MapPickController.swift; sourceTree = "<group>"; };
		62DCB6F37398424826260A40 /* Pods_WanderList.framework */ = {isa = PBXFileReference; explicitFileType = wrapper.framework; includeInIndex = 0; path = Pods_WanderList.framework; sourceTree = BUILT_PRODUCTS_DIR; };
		7A695D3F8BC9BFAE44E06F8A /* Pods-WanderListTests.debug.xcconfig */ = {isa = PBXFileReference; includeInIndex = 1; lastKnownFileType = text.xcconfig; name = "Pods-WanderListTests.debug.xcconfig"; path = "Pods/Target Support Files/Pods-WanderListTests/Pods-WanderListTests.debug.xcconfig"; sourceTree = "<group>"; };
		8D1C7D2596FA4A75FB64F6CF /* Pods-WanderList.debug.xcconfig */ = {isa = PBXFileReference; includeInIndex = 1; lastKnownFileType = text.xcconfig; name = "Pods-WanderList.debug.xcconfig"; path = "Pods/Target Support Files/Pods-WanderList/Pods-WanderList.debug.xcconfig"; sourceTree = "<group>"; };
		A50B62D34666FB57F46FE17C /* Pods-WanderListTests.release.xcconfig */ = {isa = PBXFileReference; includeInIndex = 1; lastKnownFileType = text.xcconfig; name = "Pods-WanderListTests.release.xcconfig"; path = "Pods/Target Support Files/Pods-WanderListTests/Pods-WanderListTests.release.xcconfig"; sourceTree = "<group>"; };
/* End PBXFileReference section */

/* Begin PBXFrameworksBuildPhase section */
		4F0A95AC1D73B95B0036CA39 /* Frameworks */ = {
			isa = PBXFrameworksBuildPhase;
			buildActionMask = 2147483647;
			files = (
				66ED1BCC75D11EB35ECD0F41 /* Pods_WanderList.framework in Frameworks */,
			);
			runOnlyForDeploymentPostprocessing = 0;
		};
		4F0A95C51D73B95B0036CA39 /* Frameworks */ = {
			isa = PBXFrameworksBuildPhase;
			buildActionMask = 2147483647;
			files = (
				71576D6C490C4DB600CB8344 /* Pods_WanderListTests.framework in Frameworks */,
			);
			runOnlyForDeploymentPostprocessing = 0;
		};
/* End PBXFrameworksBuildPhase section */

/* Begin PBXGroup section */
		166C5845852F658E46ABE86A /* Pods */ = {
			isa = PBXGroup;
			children = (
				8D1C7D2596FA4A75FB64F6CF /* Pods-WanderList.debug.xcconfig */,
				3228126A46AF5AC63DB8A000 /* Pods-WanderList.release.xcconfig */,
				7A695D3F8BC9BFAE44E06F8A /* Pods-WanderListTests.debug.xcconfig */,
				A50B62D34666FB57F46FE17C /* Pods-WanderListTests.release.xcconfig */,
			);
			name = Pods;
			sourceTree = "<group>";
		};
		4F0A95A61D73B95B0036CA39 = {
			isa = PBXGroup;
			children = (
				4F0A95B11D73B95B0036CA39 /* WanderList */,
				4F0A95CB1D73B95B0036CA39 /* WanderListTests */,
				4F0A95B01D73B95B0036CA39 /* Products */,
				166C5845852F658E46ABE86A /* Pods */,
				9FB4ED2ED69F47513FA4243E /* Frameworks */,
			);
			sourceTree = "<group>";
		};
		4F0A95B01D73B95B0036CA39 /* Products */ = {
			isa = PBXGroup;
			children = (
				4F0A95AF1D73B95B0036CA39 /* WanderList.app */,
				4F0A95C81D73B95B0036CA39 /* WanderListTests.xctest */,
			);
			name = Products;
			sourceTree = "<group>";
		};
		4F0A95B11D73B95B0036CA39 /* WanderList */ = {
			isa = PBXGroup;
			children = (
				4F9F562C1D7A86660022E12C /* Common */,
				4F5703A01D792C88004AB9E7 /* Controller */,
				4F5703971D79137E004AB9E7 /* Model */,
				4F0A95B21D73B95B0036CA39 /* AppDelegate.swift */,
				4F0A95BE1D73B95B0036CA39 /* Assets.xcassets */,
				4F2DDBA31D7D0B9E0001395F /* Main.storyboard */,
				4F0A95C01D73B95B0036CA39 /* LaunchScreen.storyboard */,
				4F0A95C31D73B95B0036CA39 /* Info.plist */,
			);
			path = WanderList;
			sourceTree = "<group>";
		};
		4F0A95CB1D73B95B0036CA39 /* WanderListTests */ = {
			isa = PBXGroup;
			children = (
				4F0A95CC1D73B95B0036CA39 /* WanderListTests.swift */,
				4F0A95CE1D73B95B0036CA39 /* Info.plist */,
			);
			path = WanderListTests;
			sourceTree = "<group>";
		};
		4F2DDBA11D7CE8FE0001395F /* Master */ = {
			isa = PBXGroup;
			children = (
				4F0A95B71D73B95B0036CA39 /* ReminderCategoryMasterController.swift */,
				4F33D1BD1D7E348F00355270 /* ReminderCategoryMapMasterController.swift */,
				4F5703A11D795627004AB9E7 /* CategoryController.swift */,
				4FE622431D7A5B6000EBC90F /* ColorPickController.swift */,
				4FE622451D7A6A3D00EBC90F /* RadiusPickController.swift */,
				4FE622481D7A70D300EBC90F /* MapPickController.swift */,
				4F9F56311D7A95520022E12C /* LocationSearchTableController.swift */,
			);
			name = Master;
			sourceTree = "<group>";
		};
		4F2DDBA21D7CE9110001395F /* Detail */ = {
			isa = PBXGroup;
			children = (
				4F2DDB9D1D7C30240001395F /* ReminderCategoryDetailController.swift */,
				4F2DDB9F1D7C3EEF0001395F /* ReminderController.swift */,
			);
			name = Detail;
			sourceTree = "<group>";
		};
		4F5703971D79137E004AB9E7 /* Model */ = {
			isa = PBXGroup;
			children = (
				4F0D8D711D7FD507001B474D /* Category+CoreDataProperties.swift */,
				4F0D8D721D7FD507001B474D /* Reminder+CoreDataProperties.swift */,
				4F5703991D792C2E004AB9E7 /* Category.swift */,
				4F57039B1D792C2E004AB9E7 /* Reminder.swift */,
				4F0A95B41D73B95B0036CA39 /* WanderList.xcdatamodeld */,
			);
			name = Model;
			sourceTree = "<group>";
		};
		4F5703A01D792C88004AB9E7 /* Controller */ = {
			isa = PBXGroup;
			children = (
				4F2DDBA21D7CE9110001395F /* Detail */,
				4F2DDBA11D7CE8FE0001395F /* Master */,
			);
			name = Controller;
			sourceTree = "<group>";
		};
		4F9F562C1D7A86660022E12C /* Common */ = {
			isa = PBXGroup;
			children = (
				4F958B1F1D7FB755002D47A0 /* NotificationManager.swift */,
				4F9F562D1D7A86950022E12C /* LocationManager.swift */,
				4F5703A41D798BAF004AB9E7 /* DataManager.swift */,
				4F9F562F1D7A88490022E12C /* Config.swift */,
			);
			name = Common;
			sourceTree = "<group>";
		};
		9FB4ED2ED69F47513FA4243E /* Frameworks */ = {
			isa = PBXGroup;
			children = (
				62DCB6F37398424826260A40 /* Pods_WanderList.framework */,
				3767D7500E7DA8EF2FE34F38 /* Pods_WanderListTests.framework */,
			);
			name = Frameworks;
			sourceTree = "<group>";
		};
/* End PBXGroup section */

/* Begin PBXNativeTarget section */
		4F0A95AE1D73B95B0036CA39 /* WanderList */ = {
			isa = PBXNativeTarget;
			buildConfigurationList = 4F0A95D11D73B95B0036CA39 /* Build configuration list for PBXNativeTarget "WanderList" */;
			buildPhases = (
				DB11A194A2788C178FCC0508 /* [CP] Check Pods Manifest.lock */,
				4F0A95AB1D73B95B0036CA39 /* Sources */,
				4F0A95AC1D73B95B0036CA39 /* Frameworks */,
				4F0A95AD1D73B95B0036CA39 /* Resources */,
				66B491FA61FEC00E8FD98BE8 /* [CP] Embed Pods Frameworks */,
				420FE6DD872DDEE990BFE7D7 /* [CP] Copy Pods Resources */,
			);
			buildRules = (
			);
			dependencies = (
			);
			name = WanderList;
			productName = WanderList;
			productReference = 4F0A95AF1D73B95B0036CA39 /* WanderList.app */;
			productType = "com.apple.product-type.application";
		};
		4F0A95C71D73B95B0036CA39 /* WanderListTests */ = {
			isa = PBXNativeTarget;
			buildConfigurationList = 4F0A95D41D73B95B0036CA39 /* Build configuration list for PBXNativeTarget "WanderListTests" */;
			buildPhases = (
				4CBE5929F931EFEE6C87056C /* [CP] Check Pods Manifest.lock */,
				4F0A95C41D73B95B0036CA39 /* Sources */,
				4F0A95C51D73B95B0036CA39 /* Frameworks */,
				4F0A95C61D73B95B0036CA39 /* Resources */,
				8ED89C36A3A689EE4DF977DA /* [CP] Embed Pods Frameworks */,
				942AC2358570BDA24BB7130D /* [CP] Copy Pods Resources */,
			);
			buildRules = (
			);
			dependencies = (
				4F0A95CA1D73B95B0036CA39 /* PBXTargetDependency */,
			);
			name = WanderListTests;
			productName = WanderListTests;
			productReference = 4F0A95C81D73B95B0036CA39 /* WanderListTests.xctest */;
			productType = "com.apple.product-type.bundle.unit-test";
		};
/* End PBXNativeTarget section */

/* Begin PBXProject section */
		4F0A95A71D73B95B0036CA39 /* Project object */ = {
			isa = PBXProject;
			attributes = {
				LastSwiftUpdateCheck = 0730;
				LastUpgradeCheck = 0730;
				ORGANIZATIONNAME = HaoBoji;
				TargetAttributes = {
					4F0A95AE1D73B95B0036CA39 = {
						CreatedOnToolsVersion = 7.3.1;
						DevelopmentTeam = APNXQ4DTJ2;
					};
					4F0A95C71D73B95B0036CA39 = {
						CreatedOnToolsVersion = 7.3.1;
						TestTargetID = 4F0A95AE1D73B95B0036CA39;
					};
				};
			};
			buildConfigurationList = 4F0A95AA1D73B95B0036CA39 /* Build configuration list for PBXProject "WanderList" */;
			compatibilityVersion = "Xcode 3.2";
			developmentRegion = English;
			hasScannedForEncodings = 0;
			knownRegions = (
				en,
				Base,
			);
			mainGroup = 4F0A95A61D73B95B0036CA39;
			productRefGroup = 4F0A95B01D73B95B0036CA39 /* Products */;
			projectDirPath = "";
			projectRoot = "";
			targets = (
				4F0A95AE1D73B95B0036CA39 /* WanderList */,
				4F0A95C71D73B95B0036CA39 /* WanderListTests */,
			);
		};
/* End PBXProject section */

/* Begin PBXResourcesBuildPhase section */
		4F0A95AD1D73B95B0036CA39 /* Resources */ = {
			isa = PBXResourcesBuildPhase;
			buildActionMask = 2147483647;
			files = (
				4F2DDBA51D7D0B9E0001395F /* Main.storyboard in Resources */,
				4F0A95C21D73B95B0036CA39 /* LaunchScreen.storyboard in Resources */,
				4F0A95BF1D73B95B0036CA39 /* Assets.xcassets in Resources */,
			);
			runOnlyForDeploymentPostprocessing = 0;
		};
		4F0A95C61D73B95B0036CA39 /* Resources */ = {
			isa = PBXResourcesBuildPhase;
			buildActionMask = 2147483647;
			files = (
			);
			runOnlyForDeploymentPostprocessing = 0;
		};
/* End PBXResourcesBuildPhase section */

/* Begin PBXShellScriptBuildPhase section */
		420FE6DD872DDEE990BFE7D7 /* [CP] Copy Pods Resources */ = {
			isa = PBXShellScriptBuildPhase;
			buildActionMask = 2147483647;
			files = (
			);
			inputPaths = (
			);
			name = "[CP] Copy Pods Resources";
			outputPaths = (
			);
			runOnlyForDeploymentPostprocessing = 0;
			shellPath = /bin/sh;
			shellScript = "\"${SRCROOT}/Pods/Target Support Files/Pods-WanderList/Pods-WanderList-resources.sh\"\n";
			showEnvVarsInLog = 0;
		};
		4CBE5929F931EFEE6C87056C /* [CP] Check Pods Manifest.lock */ = {
			isa = PBXShellScriptBuildPhase;
			buildActionMask = 2147483647;
			files = (
			);
			inputPaths = (
			);
			name = "[CP] Check Pods Manifest.lock";
			outputPaths = (
			);
			runOnlyForDeploymentPostprocessing = 0;
			shellPath = /bin/sh;
			shellScript = "diff \"${PODS_ROOT}/../Podfile.lock\" \"${PODS_ROOT}/Manifest.lock\" > /dev/null\nif [[ $? != 0 ]] ; then\n    cat << EOM\nerror: The sandbox is not in sync with the Podfile.lock. Run 'pod install' or update your CocoaPods installation.\nEOM\n    exit 1\nfi\n";
			showEnvVarsInLog = 0;
		};
		66B491FA61FEC00E8FD98BE8 /* [CP] Embed Pods Frameworks */ = {
			isa = PBXShellScriptBuildPhase;
			buildActionMask = 2147483647;
			files = (
			);
			inputPaths = (
			);
			name = "[CP] Embed Pods Frameworks";
			outputPaths = (
			);
			runOnlyForDeploymentPostprocessing = 0;
			shellPath = /bin/sh;
			shellScript = "\"${SRCROOT}/Pods/Target Support Files/Pods-WanderList/Pods-WanderList-frameworks.sh\"\n";
			showEnvVarsInLog = 0;
		};
		8ED89C36A3A689EE4DF977DA /* [CP] Embed Pods Frameworks */ = {
			isa = PBXShellScriptBuildPhase;
			buildActionMask = 2147483647;
			files = (
			);
			inputPaths = (
			);
			name = "[CP] Embed Pods Frameworks";
			outputPaths = (
			);
			runOnlyForDeploymentPostprocessing = 0;
			shellPath = /bin/sh;
			shellScript = "\"${SRCROOT}/Pods/Target Support Files/Pods-WanderListTests/Pods-WanderListTests-frameworks.sh\"\n";
			showEnvVarsInLog = 0;
		};
		942AC2358570BDA24BB7130D /* [CP] Copy Pods Resources */ = {
			isa = PBXShellScriptBuildPhase;
			buildActionMask = 2147483647;
			files = (
			);
			inputPaths = (
			);
			name = "[CP] Copy Pods Resources";
			outputPaths = (
			);
			runOnlyForDeploymentPostprocessing = 0;
			shellPath = /bin/sh;
			shellScript = "\"${SRCROOT}/Pods/Target Support Files/Pods-WanderListTests/Pods-WanderListTests-resources.sh\"\n";
			showEnvVarsInLog = 0;
		};
		DB11A194A2788C178FCC0508 /* [CP] Check Pods Manifest.lock */ = {
			isa = PBXShellScriptBuildPhase;
			buildActionMask = 2147483647;
			files = (
			);
			inputPaths = (
			);
			name = "[CP] Check Pods Manifest.lock";
			outputPaths = (
			);
			runOnlyForDeploymentPostprocessing = 0;
			shellPath = /bin/sh;
			shellScript = "diff \"${PODS_ROOT}/../Podfile.lock\" \"${PODS_ROOT}/Manifest.lock\" > /dev/null\nif [[ $? != 0 ]] ; then\n    cat << EOM\nerror: The sandbox is not in sync with the Podfile.lock. Run 'pod install' or update your CocoaPods installation.\nEOM\n    exit 1\nfi\n";
			showEnvVarsInLog = 0;
		};
/* End PBXShellScriptBuildPhase section */

/* Begin PBXSourcesBuildPhase section */
		4F0A95AB1D73B95B0036CA39 /* Sources */ = {
			isa = PBXSourcesBuildPhase;
			buildActionMask = 2147483647;
			files = (
				4FE622461D7A6A3D00EBC90F /* RadiusPickController.swift in Sources */,
				4F9F56321D7A95520022E12C /* LocationSearchTableController.swift in Sources */,
				4F0A95B61D73B95B0036CA39 /* WanderList.xcdatamodeld in Sources */,
				4F9F56301D7A88490022E12C /* Config.swift in Sources */,
				4F5703A51D798BAF004AB9E7 /* DataManager.swift in Sources */,
				4FE622491D7A70D300EBC90F /* MapPickController.swift in Sources */,
				4F0A95B31D73B95B0036CA39 /* AppDelegate.swift in Sources */,
				4F958B201D7FB755002D47A0 /* NotificationManager.swift in Sources */,
				4FE622441D7A5B6000EBC90F /* ColorPickController.swift in Sources */,
				4F0A95B81D73B95B0036CA39 /* ReminderCategoryMasterController.swift in Sources */,
				4F33D1BE1D7E348F00355270 /* ReminderCategoryMapMasterController.swift in Sources */,
				4F5703A21D795627004AB9E7 /* CategoryController.swift in Sources */,
				4F2DDB9E1D7C30240001395F /* ReminderCategoryDetailController.swift in Sources */,
				4F0D8D731D7FD507001B474D /* Category+CoreDataProperties.swift in Sources */,
				4F2DDBA01D7C3EEF0001395F /* ReminderController.swift in Sources */,
				4F9F562E1D7A86950022E12C /* LocationManager.swift in Sources */,
				4F57039D1D792C2E004AB9E7 /* Category.swift in Sources */,
				4F57039F1D792C2E004AB9E7 /* Reminder.swift in Sources */,
				4F0D8D741D7FD507001B474D /* Reminder+CoreDataProperties.swift in Sources */,
			);
			runOnlyForDeploymentPostprocessing = 0;
		};
		4F0A95C41D73B95B0036CA39 /* Sources */ = {
			isa = PBXSourcesBuildPhase;
			buildActionMask = 2147483647;
			files = (
				4F0A95CD1D73B95B0036CA39 /* WanderListTests.swift in Sources */,
			);
			runOnlyForDeploymentPostprocessing = 0;
		};
/* End PBXSourcesBuildPhase section */

/* Begin PBXTargetDependency section */
		4F0A95CA1D73B95B0036CA39 /* PBXTargetDependency */ = {
			isa = PBXTargetDependency;
			target = 4F0A95AE1D73B95B0036CA39 /* WanderList */;
			targetProxy = 4F0A95C91D73B95B0036CA39 /* PBXContainerItemProxy */;
		};
/* End PBXTargetDependency section */

/* Begin PBXVariantGroup section */
		4F0A95C01D73B95B0036CA39 /* LaunchScreen.storyboard */ = {
			isa = PBXVariantGroup;
			children = (
				4F0A95C11D73B95B0036CA39 /* Base */,
			);
			name = LaunchScreen.storyboard;
			sourceTree = "<group>";
		};
		4F2DDBA31D7D0B9E0001395F /* Main.storyboard */ = {
			isa = PBXVariantGroup;
			children = (
				4F2DDBA41D7D0B9E0001395F /* Base */,
			);
			name = Main.storyboard;
			sourceTree = "<group>";
		};
/* End PBXVariantGroup section */

/* Begin XCBuildConfiguration section */
		4F0A95CF1D73B95B0036CA39 /* Debug */ = {
			isa = XCBuildConfiguration;
			buildSettings = {
				ALWAYS_SEARCH_USER_PATHS = NO;
				CLANG_ANALYZER_NONNULL = YES;
				CLANG_CXX_LANGUAGE_STANDARD = "gnu++0x";
				CLANG_CXX_LIBRARY = "libc++";
				CLANG_ENABLE_MODULES = YES;
				CLANG_ENABLE_OBJC_ARC = YES;
				CLANG_WARN_BOOL_CONVERSION = YES;
				CLANG_WARN_CONSTANT_CONVERSION = YES;
				CLANG_WARN_DIRECT_OBJC_ISA_USAGE = YES_ERROR;
				CLANG_WARN_EMPTY_BODY = YES;
				CLANG_WARN_ENUM_CONVERSION = YES;
				CLANG_WARN_INT_CONVERSION = YES;
				CLANG_WARN_OBJC_ROOT_CLASS = YES_ERROR;
				CLANG_WARN_UNREACHABLE_CODE = YES;
				CLANG_WARN__DUPLICATE_METHOD_MATCH = YES;
				"CODE_SIGN_IDENTITY[sdk=iphoneos*]" = "iPhone Developer";
				COPY_PHASE_STRIP = NO;
				DEBUG_INFORMATION_FORMAT = dwarf;
				ENABLE_STRICT_OBJC_MSGSEND = YES;
				ENABLE_TESTABILITY = YES;
				GCC_C_LANGUAGE_STANDARD = gnu99;
				GCC_DYNAMIC_NO_PIC = NO;
				GCC_NO_COMMON_BLOCKS = YES;
				GCC_OPTIMIZATION_LEVEL = 0;
				GCC_PREPROCESSOR_DEFINITIONS = (
					"DEBUG=1",
					"$(inherited)",
				);
				GCC_WARN_64_TO_32_BIT_CONVERSION = YES;
				GCC_WARN_ABOUT_RETURN_TYPE = YES_ERROR;
				GCC_WARN_UNDECLARED_SELECTOR = YES;
				GCC_WARN_UNINITIALIZED_AUTOS = YES_AGGRESSIVE;
				GCC_WARN_UNUSED_FUNCTION = YES;
				GCC_WARN_UNUSED_VARIABLE = YES;
				IPHONEOS_DEPLOYMENT_TARGET = 9.3;
				MTL_ENABLE_DEBUG_INFO = YES;
				ONLY_ACTIVE_ARCH = YES;
				SDKROOT = iphoneos;
				SWIFT_OPTIMIZATION_LEVEL = "-Onone";
				TARGETED_DEVICE_FAMILY = "1,2";
			};
			name = Debug;
		};
		4F0A95D01D73B95B0036CA39 /* Release */ = {
			isa = XCBuildConfiguration;
			buildSettings = {
				ALWAYS_SEARCH_USER_PATHS = NO;
				CLANG_ANALYZER_NONNULL = YES;
				CLANG_CXX_LANGUAGE_STANDARD = "gnu++0x";
				CLANG_CXX_LIBRARY = "libc++";
				CLANG_ENABLE_MODULES = YES;
				CLANG_ENABLE_OBJC_ARC = YES;
				CLANG_WARN_BOOL_CONVERSION = YES;
				CLANG_WARN_CONSTANT_CONVERSION = YES;
				CLANG_WARN_DIRECT_OBJC_ISA_USAGE = YES_ERROR;
				CLANG_WARN_EMPTY_BODY = YES;
				CLANG_WARN_ENUM_CONVERSION = YES;
				CLANG_WARN_INT_CONVERSION = YES;
				CLANG_WARN_OBJC_ROOT_CLASS = YES_ERROR;
				CLANG_WARN_UNREACHABLE_CODE = YES;
				CLANG_WARN__DUPLICATE_METHOD_MATCH = YES;
				"CODE_SIGN_IDENTITY[sdk=iphoneos*]" = "iPhone Developer";
				COPY_PHASE_STRIP = NO;
				DEBUG_INFORMATION_FORMAT = "dwarf-with-dsym";
				ENABLE_NS_ASSERTIONS = NO;
				ENABLE_STRICT_OBJC_MSGSEND = YES;
				GCC_C_LANGUAGE_STANDARD = gnu99;
				GCC_NO_COMMON_BLOCKS = YES;
				GCC_WARN_64_TO_32_BIT_CONVERSION = YES;
				GCC_WARN_ABOUT_RETURN_TYPE = YES_ERROR;
				GCC_WARN_UNDECLARED_SELECTOR = YES;
				GCC_WARN_UNINITIALIZED_AUTOS = YES_AGGRESSIVE;
				GCC_WARN_UNUSED_FUNCTION = YES;
				GCC_WARN_UNUSED_VARIABLE = YES;
				IPHONEOS_DEPLOYMENT_TARGET = 9.3;
				MTL_ENABLE_DEBUG_INFO = NO;
				SDKROOT = iphoneos;
				TARGETED_DEVICE_FAMILY = "1,2";
				VALIDATE_PRODUCT = YES;
			};
			name = Release;
		};
		4F0A95D21D73B95B0036CA39 /* Debug */ = {
			isa = XCBuildConfiguration;
			baseConfigurationReference = 8D1C7D2596FA4A75FB64F6CF /* Pods-WanderList.debug.xcconfig */;
			buildSettings = {
				ASSETCATALOG_COMPILER_APPICON_NAME = AppIcon;
				CODE_SIGN_IDENTITY = "iPhone Developer";
				"CODE_SIGN_IDENTITY[sdk=iphoneos*]" = "iPhone Developer";
				INFOPLIST_FILE = WanderList/Info.plist;
				LD_RUNPATH_SEARCH_PATHS = "$(inherited) @executable_path/Frameworks";
				PRODUCT_BUNDLE_IDENTIFIER = com.haoboji.WanderList;
				PRODUCT_NAME = "$(TARGET_NAME)";
				PROVISIONING_PROFILE = "";
			};
			name = Debug;
		};
		4F0A95D31D73B95B0036CA39 /* Release */ = {
			isa = XCBuildConfiguration;
			baseConfigurationReference = 3228126A46AF5AC63DB8A000 /* Pods-WanderList.release.xcconfig */;
			buildSettings = {
				ASSETCATALOG_COMPILER_APPICON_NAME = AppIcon;
				CODE_SIGN_IDENTITY = "iPhone Developer";
				"CODE_SIGN_IDENTITY[sdk=iphoneos*]" = "iPhone Developer";
				INFOPLIST_FILE = WanderList/Info.plist;
				LD_RUNPATH_SEARCH_PATHS = "$(inherited) @executable_path/Frameworks";
				PRODUCT_BUNDLE_IDENTIFIER = com.haoboji.WanderList;
				PRODUCT_NAME = "$(TARGET_NAME)";
				PROVISIONING_PROFILE = "";
			};
			name = Release;
		};
		4F0A95D51D73B95B0036CA39 /* Debug */ = {
			isa = XCBuildConfiguration;
			baseConfigurationReference = 7A695D3F8BC9BFAE44E06F8A /* Pods-WanderListTests.debug.xcconfig */;
			buildSettings = {
				BUNDLE_LOADER = "$(TEST_HOST)";
				INFOPLIST_FILE = WanderListTests/Info.plist;
				LD_RUNPATH_SEARCH_PATHS = "$(inherited) @executable_path/Frameworks @loader_path/Frameworks";
				PRODUCT_BUNDLE_IDENTIFIER = com.haoboji.WanderListTests;
				PRODUCT_NAME = "$(TARGET_NAME)";
				TEST_HOST = "$(BUILT_PRODUCTS_DIR)/WanderList.app/WanderList";
			};
			name = Debug;
		};
		4F0A95D61D73B95B0036CA39 /* Release */ = {
			isa = XCBuildConfiguration;
			baseConfigurationReference = A50B62D34666FB57F46FE17C /* Pods-WanderListTests.release.xcconfig */;
			buildSettings = {
				BUNDLE_LOADER = "$(TEST_HOST)";
				INFOPLIST_FILE = WanderListTests/Info.plist;
				LD_RUNPATH_SEARCH_PATHS = "$(inherited) @executable_path/Frameworks @loader_path/Frameworks";
				PRODUCT_BUNDLE_IDENTIFIER = com.haoboji.WanderListTests;
				PRODUCT_NAME = "$(TARGET_NAME)";
				TEST_HOST = "$(BUILT_PRODUCTS_DIR)/WanderList.app/WanderList";
			};
			name = Release;
		};
/* End XCBuildConfiguration section */

/* Begin XCConfigurationList section */
		4F0A95AA1D73B95B0036CA39 /* Build configuration list for PBXProject "WanderList" */ = {
			isa = XCConfigurationList;
			buildConfigurations = (
				4F0A95CF1D73B95B0036CA39 /* Debug */,
				4F0A95D01D73B95B0036CA39 /* Release */,
			);
			defaultConfigurationIsVisible = 0;
			defaultConfigurationName = Release;
		};
		4F0A95D11D73B95B0036CA39 /* Build configuration list for PBXNativeTarget "WanderList" */ = {
			isa = XCConfigurationList;
			buildConfigurations = (
				4F0A95D21D73B95B0036CA39 /* Debug */,
				4F0A95D31D73B95B0036CA39 /* Release */,
			);
			defaultConfigurationIsVisible = 0;
			defaultConfigurationName = Release;
		};
		4F0A95D41D73B95B0036CA39 /* Build configuration list for PBXNativeTarget "WanderListTests" */ = {
			isa = XCConfigurationList;
			buildConfigurations = (
				4F0A95D51D73B95B0036CA39 /* Debug */,
				4F0A95D61D73B95B0036CA39 /* Release */,
			);
			defaultConfigurationIsVisible = 0;
			defaultConfigurationName = Release;
		};
/* End XCConfigurationList section */

/* Begin XCVersionGroup section */
		4F0A95B41D73B95B0036CA39 /* WanderList.xcdatamodeld */ = {
			isa = XCVersionGroup;
			children = (
				4F0A95B51D73B95B0036CA39 /* WanderList.xcdatamodel */,
			);
			currentVersion = 4F0A95B51D73B95B0036CA39 /* WanderList.xcdatamodel */;
			path = WanderList.xcdatamodeld;
			sourceTree = "<group>";
			versionGroupType = wrapper.xcdatamodel;
		};
/* End XCVersionGroup section */
	};
	rootObject = 4F0A95A71D73B95B0036CA39 /* Project object */;
}
